<?xml version="1.0" encoding="utf-8"?>
<Project ToolsVersion="4.0" xmlns="http://schemas.microsoft.com/developer/msbuild/2003">
  <ItemGroup>
    <Filter Include="eddy">
      <UniqueIdentifier>{0e841827-0fcf-4260-8015-66dca7ce1cbc}</UniqueIdentifier>
    </Filter>
  </ItemGroup>
  <ItemGroup>
    <ClInclude Include="eddy.h" />
    <ClInclude Include="eddy\id_generator.h">
      <Filter>eddy</Filter>
    </ClInclude>
    <ClInclude Include="eddy\io_service_thread.h">
      <Filter>eddy</Filter>
    </ClInclude>
    <ClInclude Include="eddy\io_service_thread_manager.h">
      <Filter>eddy</Filter>
    </ClInclude>
    <ClInclude Include="eddy\message_filter.h">
      <Filter>eddy</Filter>
    </ClInclude>
    <ClInclude Include="eddy\net_message.h">
      <Filter>eddy</Filter>
    </ClInclude>
    <ClInclude Include="eddy\tcp_server.h">
      <Filter>eddy</Filter>
    </ClInclude>
    <ClInclude Include="eddy\tcp_session.h">
      <Filter>eddy</Filter>
    </ClInclude>
    <ClInclude Include="eddy\tcp_session_handle.h">
      <Filter>eddy</Filter>
    </ClInclude>
    <ClInclude Include="eddy\tcp_session_queue.h">
      <Filter>eddy</Filter>
    </ClInclude>
    <ClInclude Include="eddy\types.h">
      <Filter>eddy</Filter>
    </ClInclude>
  </ItemGroup>
  <ItemGroup>
    <ClCompile Include="eddy\io_service_thread.cpp">
      <Filter>eddy</Filter>
    </ClCompile>
    <ClCompile Include="eddy\io_service_thread_manager.cpp">
      <Filter>eddy</Filter>
    </ClCompile>
    <ClCompile Include="eddy\message_filter.cpp">
      <Filter>eddy</Filter>
    </ClCompile>
    <ClCompile Include="eddy\net_message.cpp">
      <Filter>eddy</Filter>
    </ClCompile>
    <ClCompile Include="eddy\tcp_server.cpp">
      <Filter>eddy</Filter>
    </ClCompile>
    <ClCompile Include="eddy\tcp_session.cpp">
      <Filter>eddy</Filter>
    </ClCompile>
    <ClCompile Include="eddy\tcp_session_handle.cpp">
      <Filter>eddy</Filter>
    </ClCompile>
    <ClCompile Include="eddy\tcp_session_queue.cpp">
      <Filter>eddy</Filter>
    </ClCompile>
    <ClCompile Include="main.cpp" />
  </ItemGroup>
</Project>